// !$*UTF8*$!
{
	archiveVersion = 1;
	classes = {
	};
	objectVersion = 42;
	objects = {

/* Begin PBXBuildFile section */
		89F94A72079708710052CC76 /* atsui.c in Sources */ = {isa = PBXBuildFile; fileRef = 89F94A63079708710052CC76 /* atsui.c */; };
		89F94A73079708710052CC76 /* cubic.c in Sources */ = {isa = PBXBuildFile; fileRef = 89F94A65079708710052CC76 /* cubic.c */; };
		89F94A74079708710052CC76 /* fontmenu.c in Sources */ = {isa = PBXBuildFile; fileRef = 89F94A67079708710052CC76 /* fontmenu.c */; };
		89F94A75079708710052CC76 /* globals.c in Sources */ = {isa = PBXBuildFile; fileRef = 89F94A69079708710052CC76 /* globals.c */; };
		89F94A76079708710052CC76 /* print.c in Sources */ = {isa = PBXBuildFile; fileRef = 89F94A6C079708710052CC76 /* print.c */; };
		89F94A77079708710052CC76 /* quadratic.c in Sources */ = {isa = PBXBuildFile; fileRef = 89F94A6E079708710052CC76 /* quadratic.c */; };
		89F94A78079708710052CC76 /* window.c in Sources */ = {isa = PBXBuildFile; fileRef = 89F94A70079708710052CC76 /* window.c */; };
		8D0C4E8D0486CD37000505A6 /* InfoPlist.strings in Resources */ = {isa = PBXBuildFile; fileRef = 0867D6AAFE840B52C02AAC07 /* InfoPlist.strings */; };
		8D0C4E8E0486CD37000505A6 /* main.nib in Resources */ = {isa = PBXBuildFile; fileRef = 02345980000FD03B11CA0E72 /* main.nib */; };
		8D0C4E900486CD37000505A6 /* main.c in Sources */ = {isa = PBXBuildFile; fileRef = 20286C2BFDCF999611CA2CEA /* main.c */; settings = {ATTRIBUTES = (); }; };
		8D0C4E920486CD37000505A6 /* Carbon.framework in Frameworks */ = {isa = PBXBuildFile; fileRef = 20286C33FDCF999611CA2CEA /* Carbon.framework */; };
/* End PBXBuildFile section */

/* Begin PBXFileReference section */
		0867D6ABFE840B52C02AAC07 /* English */ = {isa = PBXFileReference; fileEncoding = 10; lastKnownFileType = text.plist.strings; name = English; path = English.lproj/InfoPlist.strings; sourceTree = "<group>"; };
		1870340FFE93FCAF11CA0CD7 /* English */ = {isa = PBXFileReference; lastKnownFileType = wrapper.nib; name = English; path = English.lproj/main.nib; sourceTree = "<group>"; };
		20286C2BFDCF999611CA2CEA /* main.c */ = {isa = PBXFileReference; fileEncoding = 4; lastKnownFileType = sourcecode.c.c; path = main.c; sourceTree = "<group>"; };
		20286C33FDCF999611CA2CEA /* Carbon.framework */ = {isa = PBXFileReference; lastKnownFileType = wrapper.framework; name = Carbon.framework; path = /System/Library/Frameworks/Carbon.framework; sourceTree = "<absolute>"; };
		32DBCF6D0370B57F00C91783 /* ATSUICurveAccessDemo_Prefix.pch */ = {isa = PBXFileReference; fileEncoding = 4; lastKnownFileType = sourcecode.c.h; path = ATSUICurveAccessDemo_Prefix.pch; sourceTree = "<group>"; };
		4A9504C8FFE6A3BC11CA0CBA /* ApplicationServices.framework */ = {isa = PBXFileReference; lastKnownFileType = wrapper.framework; name = ApplicationServices.framework; path = /System/Library/Frameworks/ApplicationServices.framework; sourceTree = "<absolute>"; };
		4A9504CAFFE6A41611CA0CBA /* CoreServices.framework */ = {isa = PBXFileReference; lastKnownFileType = wrapper.framework; name = CoreServices.framework; path = /System/Library/Frameworks/CoreServices.framework; sourceTree = "<absolute>"; };
		89F94A61079708480052CC76 /* ReadMe.rtf */ = {isa = PBXFileReference; lastKnownFileType = text.rtf; path = ReadMe.rtf; sourceTree = "<group>"; };
		89F94A63079708710052CC76 /* atsui.c */ = {isa = PBXFileReference; fileEncoding = 30; lastKnownFileType = sourcecode.c.c; path = atsui.c; sourceTree = "<group>"; };
		89F94A64079708710052CC76 /* atsui.h */ = {isa = PBXFileReference; fileEncoding = 30; lastKnownFileType = sourcecode.c.h; path = atsui.h; sourceTree = "<group>"; };
		89F94A65079708710052CC76 /* cubic.c */ = {isa = PBXFileReference; fileEncoding = 30; lastKnownFileType = sourcecode.c.c; path = cubic.c; sourceTree = "<group>"; };
		89F94A66079708710052CC76 /* cubic.h */ = {isa = PBXFileReference; fileEncoding = 30; lastKnownFileType = sourcecode.c.h; path = cubic.h; sourceTree = "<group>"; };
		89F94A67079708710052CC76 /* fontmenu.c */ = {isa = PBXFileReference; fileEncoding = 30; lastKnownFileType = sourcecode.c.c; path = fontmenu.c; sourceTree = "<group>"; };
		89F94A68079708710052CC76 /* fontmenu.h */ = {isa = PBXFileReference; fileEncoding = 30; lastKnownFileType = sourcecode.c.h; path = fontmenu.h; sourceTree = "<group>"; };
		89F94A69079708710052CC76 /* globals.c */ = {isa = PBXFileReference; fileEncoding = 30; lastKnownFileType = sourcecode.c.c; path = globals.c; sourceTree = "<group>"; };
		89F94A6A079708710052CC76 /* globals.h */ = {isa = PBXFileReference; fileEncoding = 30; lastKnownFileType = sourcecode.c.h; path = globals.h; sourceTree = "<group>"; };
		89F94A6B079708710052CC76 /* main.h */ = {isa = PBXFileReference; fileEncoding = 30; lastKnownFileType = sourcecode.c.h; path = main.h; sourceTree = "<group>"; };
		89F94A6C079708710052CC76 /* print.c */ = {isa = PBXFileReference; fileEncoding = 30; lastKnownFileType = sourcecode.c.c; path = print.c; sourceTree = "<group>"; };
		89F94A6D079708710052CC76 /* print.h */ = {isa = PBXFileReference; fileEncoding = 30; lastKnownFileType = sourcecode.c.h; path = print.h; sourceTree = "<group>"; };
		89F94A6E079708710052CC76 /* quadratic.c */ = {isa = PBXFileReference; fileEncoding = 30; lastKnownFileType = sourcecode.c.c; path = quadratic.c; sourceTree = "<group>"; };
		89F94A6F079708710052CC76 /* quadratic.h */ = {isa = PBXFileReference; fileEncoding = 30; lastKnownFileType = sourcecode.c.h; path = quadratic.h; sourceTree = "<group>"; };
		89F94A70079708710052CC76 /* window.c */ = {isa = PBXFileReference; fileEncoding = 30; lastKnownFileType = sourcecode.c.c; path = window.c; sourceTree = "<group>"; };
		89F94A71079708710052CC76 /* window.h */ = {isa = PBXFileReference; fileEncoding = 30; lastKnownFileType = sourcecode.c.h; path = window.h; sourceTree = "<group>"; };
		8D0C4E960486CD37000505A6 /* Info.plist */ = {isa = PBXFileReference; fileEncoding = 4; lastKnownFileType = text.plist; path = Info.plist; sourceTree = "<group>"; };
		8D0C4E970486CD37000505A6 /* ATSUICurveAccessDemo.app */ = {isa = PBXFileReference; explicitFileType = wrapper.application; includeInIndex = 0; path = ATSUICurveAccessDemo.app; sourceTree = BUILT_PRODUCTS_DIR; };
/* End PBXFileReference section */

/* Begin PBXFrameworksBuildPhase section */
		8D0C4E910486CD37000505A6 /* Frameworks */ = {
			isa = PBXFrameworksBuildPhase;
			buildActionMask = 2147483647;
			files = (
				8D0C4E920486CD37000505A6 /* Carbon.framework in Frameworks */,
			);
			runOnlyForDeploymentPostprocessing = 0;
		};
/* End PBXFrameworksBuildPhase section */

/* Begin PBXGroup section */
		195DF8CFFE9D517E11CA2CBB /* Products */ = {
			isa = PBXGroup;
			children = (
				8D0C4E970486CD37000505A6 /* ATSUICurveAccessDemo.app */,
			);
			name = Products;
			sourceTree = "<group>";
		};
		20286C29FDCF999611CA2CEA /* ATSUICurveAccessDemo */ = {
			isa = PBXGroup;
			children = (
				89F94A61079708480052CC76 /* ReadMe.rtf */,
				20286C2AFDCF999611CA2CEA /* Sources */,
				20286C2CFDCF999611CA2CEA /* Resources */,
				20286C32FDCF999611CA2CEA /* External Frameworks and Libraries */,
				195DF8CFFE9D517E11CA2CBB /* Products */,
			);
			name = ATSUICurveAccessDemo;
			sourceTree = "<group>";
		};
		20286C2AFDCF999611CA2CEA /* Sources */ = {
			isa = PBXGroup;
			children = (
				32DBCF6D0370B57F00C91783 /* ATSUICurveAccessDemo_Prefix.pch */,
				20286C2BFDCF999611CA2CEA /* main.c */,
				89F94A6B079708710052CC76 /* main.h */,
				89F94A63079708710052CC76 /* atsui.c */,
				89F94A64079708710052CC76 /* atsui.h */,
				89F94A65079708710052CC76 /* cubic.c */,
				89F94A66079708710052CC76 /* cubic.h */,
				89F94A6E079708710052CC76 /* quadratic.c */,
				89F94A6F079708710052CC76 /* quadratic.h */,
				89F94A67079708710052CC76 /* fontmenu.c */,
				89F94A68079708710052CC76 /* fontmenu.h */,
				89F94A69079708710052CC76 /* globals.c */,
				89F94A6A079708710052CC76 /* globals.h */,
				89F94A6C079708710052CC76 /* print.c */,
				89F94A6D079708710052CC76 /* print.h */,
				89F94A70079708710052CC76 /* window.c */,
				89F94A71079708710052CC76 /* window.h */,
			);
			name = Sources;
			sourceTree = "<group>";
		};
		20286C2CFDCF999611CA2CEA /* Resources */ = {
			isa = PBXGroup;
			children = (
				8D0C4E960486CD37000505A6 /* Info.plist */,
				0867D6AAFE840B52C02AAC07 /* InfoPlist.strings */,
				02345980000FD03B11CA0E72 /* main.nib */,
			);
			name = Resources;
			sourceTree = "<group>";
		};
		20286C32FDCF999611CA2CEA /* External Frameworks and Libraries */ = {
			isa = PBXGroup;
			children = (
				89F949E6079703BD0052CC76 /* Linked Frameworks */,
				89F9495B079703AC0052CC76 /* Other Frameworks */,
			);
			name = "External Frameworks and Libraries";
			sourceTree = "<group>";
		};
		89F9495B079703AC0052CC76 /* Other Frameworks */ = {
			isa = PBXGroup;
			children = (
				4A9504CAFFE6A41611CA0CBA /* CoreServices.framework */,
				4A9504C8FFE6A3BC11CA0CBA /* ApplicationServices.framework */,
			);
			name = "Other Frameworks";
			sourceTree = "<group>";
		};
		89F949E6079703BD0052CC76 /* Linked Frameworks */ = {
			isa = PBXGroup;
			children = (
				20286C33FDCF999611CA2CEA /* Carbon.framework */,
			);
			name = "Linked Frameworks";
			sourceTree = "<group>";
		};
/* End PBXGroup section */

/* Begin PBXNativeTarget section */
		8D0C4E890486CD37000505A6 /* ATSUICurveAccessDemo */ = {
			isa = PBXNativeTarget;
			buildConfigurationList = BEE54F5B0C5021820094F9AB /* Build configuration list for PBXNativeTarget "ATSUICurveAccessDemo" */;
			buildPhases = (
				8D0C4E8C0486CD37000505A6 /* Resources */,
				8D0C4E8F0486CD37000505A6 /* Sources */,
				8D0C4E910486CD37000505A6 /* Frameworks */,
				89479496079F667700E761A0 /* ShellScript */,
			);
			buildRules = (
			);
			dependencies = (
			);
			name = ATSUICurveAccessDemo;
			productInstallPath = "$(HOME)/Applications";
			productName = ATSUICurveAccessDemo;
			productReference = 8D0C4E970486CD37000505A6 /* ATSUICurveAccessDemo.app */;
			productType = "com.apple.product-type.application";
		};
/* End PBXNativeTarget section */

/* Begin PBXProject section */
		20286C28FDCF999611CA2CEA /* Project object */ = {
			isa = PBXProject;
			buildConfigurationList = BEE54F5F0C5021820094F9AB /* Build configuration list for PBXProject "ATSUICurveAccessDemo" */;
			hasScannedForEncodings = 1;
			mainGroup = 20286C29FDCF999611CA2CEA /* ATSUICurveAccessDemo */;
			projectDirPath = "";
			targets = (
				8D0C4E890486CD37000505A6 /* ATSUICurveAccessDemo */,
			);
		};
/* End PBXProject section */

/* Begin PBXResourcesBuildPhase section */
		8D0C4E8C0486CD37000505A6 /* Resources */ = {
			isa = PBXResourcesBuildPhase;
			buildActionMask = 2147483647;
			files = (
				8D0C4E8D0486CD37000505A6 /* InfoPlist.strings in Resources */,
				8D0C4E8E0486CD37000505A6 /* main.nib in Resources */,
			);
			runOnlyForDeploymentPostprocessing = 0;
		};
/* End PBXResourcesBuildPhase section */

/* Begin PBXShellScriptBuildPhase section */
		89479496079F667700E761A0 /* ShellScript */ = {
			isa = PBXShellScriptBuildPhase;
			buildActionMask = 8;
			files = (
			);
			inputPaths = (
			);
			outputPaths = (
			);
			runOnlyForDeploymentPostprocessing = 1;
			shellPath = /bin/tcsh;
			shellScript = "xcodebuild installsrc SRCROOT=$DSTROOT/Developer/Examples/ATSUI/Curve\\ Access\n/bin/rm -rf $DSTROOT/Developer/Examples/ATSUI/Curve\\ Access/build/\n/usr/sbin/chown root:wheel $DSTROOT/Developer/Examples/ATSUI/Curve\\ Access/*\n";
		};
/* End PBXShellScriptBuildPhase section */

/* Begin PBXSourcesBuildPhase section */
		8D0C4E8F0486CD37000505A6 /* Sources */ = {
			isa = PBXSourcesBuildPhase;
			buildActionMask = 2147483647;
			files = (
				8D0C4E900486CD37000505A6 /* main.c in Sources */,
				89F94A72079708710052CC76 /* atsui.c in Sources */,
				89F94A73079708710052CC76 /* cubic.c in Sources */,
				89F94A74079708710052CC76 /* fontmenu.c in Sources */,
				89F94A75079708710052CC76 /* globals.c in Sources */,
				89F94A76079708710052CC76 /* print.c in Sources */,
				89F94A77079708710052CC76 /* quadratic.c in Sources */,
				89F94A78079708710052CC76 /* window.c in Sources */,
			);
			runOnlyForDeploymentPostprocessing = 0;
		};
/* End PBXSourcesBuildPhase section */

/* Begin PBXVariantGroup section */
		02345980000FD03B11CA0E72 /* main.nib */ = {
			isa = PBXVariantGroup;
			children = (
				1870340FFE93FCAF11CA0CD7 /* English */,
			);
			name = main.nib;
			sourceTree = "<group>";
		};
		0867D6AAFE840B52C02AAC07 /* InfoPlist.strings */ = {
			isa = PBXVariantGroup;
			children = (
				0867D6ABFE840B52C02AAC07 /* English */,
			);
			name = InfoPlist.strings;
			sourceTree = "<group>";
		};
/* End PBXVariantGroup section */

/* Begin XCBuildConfiguration section */
		BEE54F5C0C5021820094F9AB /* Development */ = {
			isa = XCBuildConfiguration;
			buildSettings = {
				COPY_PHASE_STRIP = NO;
				GCC_DYNAMIC_NO_PIC = NO;
				GCC_ENABLE_FIX_AND_CONTINUE = YES;
				GCC_GENERATE_DEBUGGING_SYMBOLS = YES;
				GCC_OPTIMIZATION_LEVEL = 0;
				GCC_PRECOMPILE_PREFIX_HEADER = YES;
				GCC_PREFIX_HEADER = ATSUICurveAccessDemo_Prefix.pch;
				INFOPLIST_FILE = Info.plist;
				PREBINDING = NO;
				PRODUCT_NAME = ATSUICurveAccessDemo;
				SKIP_INSTALL = YES;
				WRAPPER_EXTENSION = app;
				ZERO_LINK = YES;
			};
			name = Development;
		};
		BEE54F5D0C5021820094F9AB /* Deployment */ = {
			isa = XCBuildConfiguration;
			buildSettings = {
				COPY_PHASE_STRIP = YES;
				GCC_ENABLE_FIX_AND_CONTINUE = NO;
				GCC_GENERATE_DEBUGGING_SYMBOLS = NO;
				GCC_PRECOMPILE_PREFIX_HEADER = YES;
				GCC_PREFIX_HEADER = ATSUICurveAccessDemo_Prefix.pch;
				INFOPLIST_FILE = Info.plist;
				PREBINDING = NO;
				PRODUCT_NAME = ATSUICurveAccessDemo;
				SKIP_INSTALL = YES;
				WRAPPER_EXTENSION = app;
				ZERO_LINK = NO;
			};
			name = Deployment;
		};
		BEE54F5E0C5021820094F9AB /* Default */ = {
			isa = XCBuildConfiguration;
			buildSettings = {
				GCC_GENERATE_DEBUGGING_SYMBOLS = NO;
				GCC_PRECOMPILE_PREFIX_HEADER = YES;
				GCC_PREFIX_HEADER = ATSUICurveAccessDemo_Prefix.pch;
				INFOPLIST_FILE = Info.plist;
				PRODUCT_NAME = ATSUICurveAccessDemo;
				SKIP_INSTALL = YES;
				WRAPPER_EXTENSION = app;
			};
			name = Default;
		};
		BEE54F600C5021820094F9AB /* Development */ = {
			isa = XCBuildConfiguration;
			buildSettings = {
				MACOSX_DEPLOYMENT_TARGET = 10.4;
				SDKROOT = /Developer/SDKs/MacOSX10.4u.sdk;
			};
			name = Development;
		};
		BEE54F610C5021820094F9AB /* Deployment */ = {
			isa = XCBuildConfiguration;
			buildSettings = {
				MACOSX_DEPLOYMENT_TARGET = 10.4;
				SDKROOT = /Developer/SDKs/MacOSX10.4u.sdk;
			};
			name = Deployment;
		};
		BEE54F620C5021820094F9AB /* Default */ = {
			isa = XCBuildConfiguration;
			buildSettings = {
				MACOSX_DEPLOYMENT_TARGET = 10.4;
				SDKROOT = /Developer/SDKs/MacOSX10.4u.sdk;
			};
			name = Default;
		};
/* End XCBuildConfiguration section */

/* Begin XCConfigurationList section */
		BEE54F5B0C5021820094F9AB /* Build configuration list for PBXNativeTarget "ATSUICurveAccessDemo" */ = {
			isa = XCConfigurationList;
			buildConfigurations = (
				BEE54F5C0C5021820094F9AB /* Development */,
				BEE54F5D0C5021820094F9AB /* Deployment */,
				BEE54F5E0C5021820094F9AB /* Default */,
			);
			defaultConfigurationIsVisible = 0;
			defaultConfigurationName = Default;
		};
		BEE54F5F0C5021820094F9AB /* Build configuration list for PBXProject "ATSUICurveAccessDemo" */ = {
			isa = XCConfigurationList;
			buildConfigurations = (
				BEE54F600C5021820094F9AB /* Development */,
				BEE54F610C5021820094F9AB /* Deployment */,
				BEE54F620C5021820094F9AB /* Default */,
			);
			defaultConfigurationIsVisible = 0;
			defaultConfigurationName = Default;
		};
/* End XCConfigurationList section */
	};
	rootObject = 20286C28FDCF999611CA2CEA /* Project object */;
}
